
Microsoft Visual Studio Solution File, Format Version 12.00
Project("{FAE04EC0-301F-11D3-BF4B-00C04F79EFBC}") = "Lab3PA", "Lab3PA\Lab3PA.csproj", "{A7DCD823-AA63-4F91-9544-DF8D336DB9E4}"
EndProject
Global
	GlobalSection(SolutionConfigurationPlatforms) = preSolution
		Debug|Any CPU = Debug|Any CPU
		Release|Any CPU = Release|Any CPU
	EndGlobalSection
	GlobalSection(ProjectConfigurationPlatforms) = postSolution
		{A7DCD823-AA63-4F91-9544-DF8D336DB9E4}.Debug|Any CPU.ActiveCfg = Debug|Any CPU
		{A7DCD823-AA63-4F91-9544-DF8D336DB9E4}.Debug|Any CPU.Build.0 = Debug|Any CPU
		{A7DCD823-AA63-4F91-9544-DF8D336DB9E4}.Release|Any CPU.ActiveCfg = Release|Any CPU
		{A7DCD823-AA63-4F91-9544-DF8D336DB9E4}.Release|Any CPU.Build.0 = Release|Any CPU
	EndGlobalSection
EndGlobal
